// !$*UTF8*$!
{
	archiveVersion = 1;
	classes = {
	};
	objectVersion = 46;
	objects = {

/* Begin PBXBuildFile section */
		36EDC06C1BD5E0590057673B /* main.m in Sources */ = {isa = PBXBuildFile; fileRef = 36EDC06B1BD5E0590057673B /* main.m */; };
		36EDC06F1BD5E0590057673B /* AppDelegate.m in Sources */ = {isa = PBXBuildFile; fileRef = 36EDC06E1BD5E0590057673B /* AppDelegate.m */; };
		36EDC0721BD5E0590057673B /* ViewController.m in Sources */ = {isa = PBXBuildFile; fileRef = 36EDC0711BD5E0590057673B /* ViewController.m */; };
		36EDC0751BD5E0590057673B /* Main.storyboard in Resources */ = {isa = PBXBuildFile; fileRef = 36EDC0731BD5E0590057673B /* Main.storyboard */; };
		36EDC0771BD5E0590057673B /* Images.xcassets in Resources */ = {isa = PBXBuildFile; fileRef = 36EDC0761BD5E0590057673B /* Images.xcassets */; };
		36EDC07A1BD5E0590057673B /* LaunchScreen.xib in Resources */ = {isa = PBXBuildFile; fileRef = 36EDC0781BD5E0590057673B /* LaunchScreen.xib */; };
		36EDC0861BD5E0590057673B /* shenfenzhengVerifyTests.m in Sources */ = {isa = PBXBuildFile; fileRef = 36EDC0851BD5E0590057673B /* shenfenzhengVerifyTests.m */; };
/* End PBXBuildFile section */

/* Begin PBXContainerItemProxy section */
		36EDC0801BD5E0590057673B /* PBXContainerItemProxy */ = {
			isa = PBXContainerItemProxy;
			containerPortal = 36EDC05E1BD5E0590057673B /* Project object */;
			proxyType = 1;
			remoteGlobalIDString = 36EDC0651BD5E0590057673B;
			remoteInfo = shenfenzhengVerify;
		};
/* End PBXContainerItemProxy section */

/* Begin PBXFileReference section */
		36EDC0661BD5E0590057673B /* shenfenzhengVerify.app */ = {isa = PBXFileReference; explicitFileType = wrapper.application; includeInIndex = 0; path = shenfenzhengVerify.app; sourceTree = BUILT_PRODUCTS_DIR; };
		36EDC06A1BD5E0590057673B /* Info.plist */ = {isa = PBXFileReference; lastKnownFileType = text.plist.xml; path = Info.plist; sourceTree = "<group>"; };
		36EDC06B1BD5E0590057673B /* main.m */ = {isa = PBXFileReference; lastKnownFileType = sourcecode.c.objc; path = main.m; sourceTree = "<group>"; };
		36EDC06D1BD5E0590057673B /* AppDelegate.h */ = {isa = PBXFileReference; lastKnownFileType = sourcecode.c.h; path = AppDelegate.h; sourceTree = "<group>"; };
		36EDC06E1BD5E0590057673B /* AppDelegate.m */ = {isa = PBXFileReference; lastKnownFileType = sourcecode.c.objc; path = AppDelegate.m; sourceTree = "<group>"; };
		36EDC0701BD5E0590057673B /* ViewController.h */ = {isa = PBXFileReference; lastKnownFileType = sourcecode.c.h; path = ViewController.h; sourceTree = "<group>"; };
		36EDC0711BD5E0590057673B /* ViewController.m */ = {isa = PBXFileReference; lastKnownFileType = sourcecode.c.objc; path = ViewController.m; sourceTree = "<group>"; };
		36EDC0741BD5E0590057673B /* Base */ = {isa = PBXFileReference; lastKnownFileType = file.storyboard; name = Base; path = Base.lproj/Main.storyboard; sourceTree = "<group>"; };
		36EDC0761BD5E0590057673B /* Images.xcassets */ = {isa = PBXFileReference; lastKnownFileType = folder.assetcatalog; path = Images.xcassets; sourceTree = "<group>"; };
		36EDC0791BD5E0590057673B /* Base */ = {isa = PBXFileReference; lastKnownFileType = file.xib; name = Base; path = Base.lproj/LaunchScreen.xib; sourceTree = "<group>"; };
		36EDC07F1BD5E0590057673B /* shenfenzhengVerifyTests.xctest */ = {isa = PBXFileReference; explicitFileType = wrapper.cfbundle; includeInIndex = 0; path = shenfenzhengVerifyTests.xctest; sourceTree = BUILT_PRODUCTS_DIR; };
		36EDC0841BD5E0590057673B /* Info.plist */ = {isa = PBXFileReference; lastKnownFileType = text.plist.xml; path = Info.plist; sourceTree = "<group>"; };
		36EDC0851BD5E0590057673B /* shenfenzhengVerifyTests.m */ = {isa = PBXFileReference; lastKnownFileType = sourcecode.c.objc; path = shenfenzhengVerifyTests.m; sourceTree = "<group>"; };
/* End PBXFileReference section */

/* Begin PBXFrameworksBuildPhase section */
		36EDC0631BD5E0590057673B /* Frameworks */ = {
			isa = PBXFrameworksBuildPhase;
			buildActionMask = 2147483647;
			files = (
			);
			runOnlyForDeploymentPostprocessing = 0;
		};
		36EDC07C1BD5E0590057673B /* Frameworks */ = {
			isa = PBXFrameworksBuildPhase;
			buildActionMask = 2147483647;
			files = (
			);
			runOnlyForDeploymentPostprocessing = 0;
		};
/* End PBXFrameworksBuildPhase section */

/* Begin PBXGroup section */
		36EDC05D1BD5E0590057673B = {
			isa = PBXGroup;
			children = (
				36EDC0681BD5E0590057673B /* shenfenzhengVerify */,
				36EDC0821BD5E0590057673B /* shenfenzhengVerifyTests */,
				36EDC0671BD5E0590057673B /* Products */,
			);
			sourceTree = "<group>";
		};
		36EDC0671BD5E0590057673B /* Products */ = {
			isa = PBXGroup;
			children = (
				36EDC0661BD5E0590057673B /* shenfenzhengVerify.app */,
				36EDC07F1BD5E0590057673B /* shenfenzhengVerifyTests.xctest */,
			);
			name = Products;
			sourceTree = "<group>";
		};
		36EDC0681BD5E0590057673B /* shenfenzhengVerify */ = {
			isa = PBXGroup;
			children = (
				36EDC06D1BD5E0590057673B /* AppDelegate.h */,
				36EDC06E1BD5E0590057673B /* AppDelegate.m */,
				36EDC0701BD5E0590057673B /* ViewController.h */,
				36EDC0711BD5E0590057673B /* ViewController.m */,
				36EDC0731BD5E0590057673B /* Main.storyboard */,
				36EDC0761BD5E0590057673B /* Images.xcassets */,
				36EDC0781BD5E0590057673B /* LaunchScreen.xib */,
				36EDC0691BD5E0590057673B /* Supporting Files */,
			);
			path = shenfenzhengVerify;
			sourceTree = "<group>";
		};
		36EDC0691BD5E0590057673B /* Supporting Files */ = {
			isa = PBXGroup;
			children = (
				36EDC06A1BD5E0590057673B /* Info.plist */,
				36EDC06B1BD5E0590057673B /* main.m */,
			);
			name = "Supporting Files";
			sourceTree = "<group>";
		};
		36EDC0821BD5E0590057673B /* shenfenzhengVerifyTests */ = {
			isa = PBXGroup;
			children = (
				36EDC0851BD5E0590057673B /* shenfenzhengVerifyTests.m */,
				36EDC0831BD5E0590057673B /* Supporting Files */,
			);
			path = shenfenzhengVerifyTests;
			sourceTree = "<group>";
		};
		36EDC0831BD5E0590057673B /* Supporting Files */ = {
			isa = PBXGroup;
			children = (
				36EDC0841BD5E0590057673B /* Info.plist */,
			);
			name = "Supporting Files";
			sourceTree = "<group>";
		};
/* End PBXGroup section */

/* Begin PBXNativeTarget section */
		36EDC0651BD5E0590057673B /* shenfenzhengVerify */ = {
			isa = PBXNativeTarget;
			buildConfigurationList = 36EDC0891BD5E0590057673B /* Build configuration list for PBXNativeTarget "shenfenzhengVerify" */;
			buildPhases = (
				36EDC0621BD5E0590057673B /* Sources */,
				36EDC0631BD5E0590057673B /* Frameworks */,
				36EDC0641BD5E0590057673B /* Resources */,
			);
			buildRules = (
			);
			dependencies = (
			);
			name = shenfenzhengVerify;
			productName = shenfenzhengVerify;
			productReference = 36EDC0661BD5E0590057673B /* shenfenzhengVerify.app */;
			productType = "com.apple.product-type.application";
		};
		36EDC07E1BD5E0590057673B /* shenfenzhengVerifyTests */ = {
			isa = PBXNativeTarget;
			buildConfigurationList = 36EDC08C1BD5E0590057673B /* Build configuration list for PBXNativeTarget "shenfenzhengVerifyTests" */;
			buildPhases = (
				36EDC07B1BD5E0590057673B /* Sources */,
				36EDC07C1BD5E0590057673B /* Frameworks */,
				36EDC07D1BD5E0590057673B /* Resources */,
			);
			buildRules = (
			);
			dependencies = (
				36EDC0811BD5E0590057673B /* PBXTargetDependency */,
			);
			name = shenfenzhengVerifyTests;
			productName = shenfenzhengVerifyTests;
			productReference = 36EDC07F1BD5E0590057673B /* shenfenzhengVerifyTests.xctest */;
			productType = "com.apple.product-type.bundle.unit-test";
		};
/* End PBXNativeTarget section */

/* Begin PBXProject section */
		36EDC05E1BD5E0590057673B /* Project object */ = {
			isa = PBXProject;
			attributes = {
				LastUpgradeCheck = 0610;
				ORGANIZATIONNAME = zhangsong;
				TargetAttributes = {
					36EDC0651BD5E0590057673B = {
						CreatedOnToolsVersion = 6.1;
					};
					36EDC07E1BD5E0590057673B = {
						CreatedOnToolsVersion = 6.1;
						TestTargetID = 36EDC0651BD5E0590057673B;
					};
				};
			};
			buildConfigurationList = 36EDC0611BD5E0590057673B /* Build configuration list for PBXProject "shenfenzhengVerify" */;
			compatibilityVersion = "Xcode 3.2";
			developmentRegion = English;
			hasScannedForEncodings = 0;
			knownRegions = (
				en,
				Base,
			);
			mainGroup = 36EDC05D1BD5E0590057673B;
			productRefGroup = 36EDC0671BD5E0590057673B /* Products */;
			projectDirPath = "";
			projectRoot = "";
			targets = (
				36EDC0651BD5E0590057673B /* shenfenzhengVerify */,
				36EDC07E1BD5E0590057673B /* shenfenzhengVerifyTests */,
			);
		};
/* End PBXProject section */

/* Begin PBXResourcesBuildPhase section */
		36EDC0641BD5E0590057673B /* Resources */ = {
			isa = PBXResourcesBuildPhase;
			buildActionMask = 2147483647;
			files = (
				36EDC0751BD5E0590057673B /* Main.storyboard in Resources */,
				36EDC07A1BD5E0590057673B /* LaunchScreen.xib in Resources */,
				36EDC0771BD5E0590057673B /* Images.xcassets in Resources */,
			);
			runOnlyForDeploymentPostprocessing = 0;
		};
		36EDC07D1BD5E0590057673B /* Resources */ = {
			isa = PBXResourcesBuildPhase;
			buildActionMask = 2147483647;
			files = (
			);
			runOnlyForDeploymentPostprocessing = 0;
		};
/* End PBXResourcesBuildPhase section */

/* Begin PBXSourcesBuildPhase section */
		36EDC0621BD5E0590057673B /* Sources */ = {
			isa = PBXSourcesBuildPhase;
			buildActionMask = 2147483647;
			files = (
				36EDC0721BD5E0590057673B /* ViewController.m in Sources */,
				36EDC06F1BD5E0590057673B /* AppDelegate.m in Sources */,
				36EDC06C1BD5E0590057673B /* main.m in Sources */,
			);
			runOnlyForDeploymentPostprocessing = 0;
		};
		36EDC07B1BD5E0590057673B /* Sources */ = {
			isa = PBXSourcesBuildPhase;
			buildActionMask = 2147483647;
			files = (
				36EDC0861BD5E0590057673B /* shenfenzhengVerifyTests.m in Sources */,
			);
			runOnlyForDeploymentPostprocessing = 0;
		};
/* End PBXSourcesBuildPhase section */

/* Begin PBXTargetDependency section */
		36EDC0811BD5E0590057673B /* PBXTargetDependency */ = {
			isa = PBXTargetDependency;
			target = 36EDC0651BD5E0590057673B /* shenfenzhengVerify */;
			targetProxy = 36EDC0801BD5E0590057673B /* PBXContainerItemProxy */;
		};
/* End PBXTargetDependency section */

/* Begin PBXVariantGroup section */
		36EDC0731BD5E0590057673B /* Main.storyboard */ = {
			isa = PBXVariantGroup;
			children = (
				36EDC0741BD5E0590057673B /* Base */,
			);
			name = Main.storyboard;
			sourceTree = "<group>";
		};
		36EDC0781BD5E0590057673B /* LaunchScreen.xib */ = {
			isa = PBXVariantGroup;
			children = (
				36EDC0791BD5E0590057673B /* Base */,
			);
			name = LaunchScreen.xib;
			sourceTree = "<group>";
		};
/* End PBXVariantGroup section */

/* Begin XCBuildConfiguration section */
		36EDC0871BD5E0590057673B /* Debug */ = {
			isa = XCBuildConfiguration;
			buildSettings = {
				ALWAYS_SEARCH_USER_PATHS = NO;
				CLANG_CXX_LANGUAGE_STANDARD = "gnu++0x";
				CLANG_CXX_LIBRARY = "libc++";
				CLANG_ENABLE_MODULES = YES;
				CLANG_ENABLE_OBJC_ARC = YES;
				CLANG_WARN_BOOL_CONVERSION = YES;
				CLANG_WARN_CONSTANT_CONVERSION = YES;
				CLANG_WARN_DIRECT_OBJC_ISA_USAGE = YES_ERROR;
				CLANG_WARN_EMPTY_BODY = YES;
				CLANG_WARN_ENUM_CONVERSION = YES;
				CLANG_WARN_INT_CONVERSION = YES;
				CLANG_WARN_OBJC_ROOT_CLASS = YES_ERROR;
				CLANG_WARN_UNREACHABLE_CODE = YES;
				CLANG_WARN__DUPLICATE_METHOD_MATCH = YES;
				"CODE_SIGN_IDENTITY[sdk=iphoneos*]" = "iPhone Developer";
				COPY_PHASE_STRIP = NO;
				ENABLE_STRICT_OBJC_MSGSEND = YES;
				GCC_C_LANGUAGE_STANDARD = gnu99;
				GCC_DYNAMIC_NO_PIC = NO;
				GCC_OPTIMIZATION_LEVEL = 0;
				GCC_PREPROCESSOR_DEFINITIONS = (
					"DEBUG=1",
					"$(inherited)",
				);
				GCC_SYMBOLS_PRIVATE_EXTERN = NO;
				GCC_WARN_64_TO_32_BIT_CONVERSION = YES;
				GCC_WARN_ABOUT_RETURN_TYPE = YES_ERROR;
				GCC_WARN_UNDECLARED_SELECTOR = YES;
				GCC_WARN_UNINITIALIZED_AUTOS = YES_AGGRESSIVE;
				GCC_WARN_UNUSED_FUNCTION = YES;
				GCC_WARN_UNUSED_VARIABLE = YES;
				IPHONEOS_DEPLOYMENT_TARGET = 8.1;
				MTL_ENABLE_DEBUG_INFO = YES;
				ONLY_ACTIVE_ARCH = YES;
				SDKROOT = iphoneos;
			};
			name = Debug;
		};
		36EDC0881BD5E0590057673B /* Release */ = {
			isa = XCBuildConfiguration;
			buildSettings = {
				ALWAYS_SEARCH_USER_PATHS = NO;
				CLANG_CXX_LANGUAGE_STANDARD = "gnu++0x";
				CLANG_CXX_LIBRARY = "libc++";
				CLANG_ENABLE_MODULES = YES;
				CLANG_ENABLE_OBJC_ARC = YES;
				CLANG_WARN_BOOL_CONVERSION = YES;
				CLANG_WARN_CONSTANT_CONVERSION = YES;
				CLANG_WARN_DIRECT_OBJC_ISA_USAGE = YES_ERROR;
				CLANG_WARN_EMPTY_BODY = YES;
				CLANG_WARN_ENUM_CONVERSION = YES;
				CLANG_WARN_INT_CONVERSION = YES;
				CLANG_WARN_OBJC_ROOT_CLASS = YES_ERROR;
				CLANG_WARN_UNREACHABLE_CODE = YES;
				CLANG_WARN__DUPLICATE_METHOD_MATCH = YES;
				"CODE_SIGN_IDENTITY[sdk=iphoneos*]" = "iPhone Developer";
				COPY_PHASE_STRIP = YES;
				ENABLE_NS_ASSERTIONS = NO;
				ENABLE_STRICT_OBJC_MSGSEND = YES;
				GCC_C_LANGUAGE_STANDARD = gnu99;
				GCC_WARN_64_TO_32_BIT_CONVERSION = YES;
				GCC_WARN_ABOUT_RETURN_TYPE = YES_ERROR;
				GCC_WARN_UNDECLARED_SELECTOR = YES;
				GCC_WARN_UNINITIALIZED_AUTOS = YES_AGGRESSIVE;
				GCC_WARN_UNUSED_FUNCTION = YES;
				GCC_WARN_UNUSED_VARIABLE = YES;
				IPHONEOS_DEPLOYMENT_TARGET = 8.1;
				MTL_ENABLE_DEBUG_INFO = NO;
				SDKROOT = iphoneos;
				VALIDATE_PRODUCT = YES;
			};
			name = Release;
		};
		36EDC08A1BD5E0590057673B /* Debug */ = {
			isa = XCBuildConfiguration;
			buildSettings = {
				ASSETCATALOG_COMPILER_APPICON_NAME = AppIcon;
				INFOPLIST_FILE = shenfenzhengVerify/Info.plist;
				LD_RUNPATH_SEARCH_PATHS = "$(inherited) @executable_path/Frameworks";
				PRODUCT_NAME = "$(TARGET_NAME)";
			};
			name = Debug;
		};
		36EDC08B1BD5E0590057673B /* Release */ = {
			isa = XCBuildConfiguration;
			buildSettings = {
				ASSETCATALOG_COMPILER_APPICON_NAME = AppIcon;
				INFOPLIST_FILE = shenfenzhengVerify/Info.plist;
				LD_RUNPATH_SEARCH_PATHS = "$(inherited) @executable_path/Frameworks";
				PRODUCT_NAME = "$(TARGET_NAME)";
			};
			name = Release;
		};
		36EDC08D1BD5E0590057673B /* Debug */ = {
			isa = XCBuildConfiguration;
			buildSettings = {
				BUNDLE_LOADER = "$(TEST_HOST)";
				FRAMEWORK_SEARCH_PATHS = (
					"$(SDKROOT)/Developer/Library/Frameworks",
					"$(inherited)",
				);
				GCC_PREPROCESSOR_DEFINITIONS = (
					"DEBUG=1",
					"$(inherited)",
				);
				INFOPLIST_FILE = shenfenzhengVerifyTests/Info.plist;
				LD_RUNPATH_SEARCH_PATHS = "$(inherited) @executable_path/Frameworks @loader_path/Frameworks";
				PRODUCT_NAME = "$(TARGET_NAME)";
				TEST_HOST = "$(BUILT_PRODUCTS_DIR)/shenfenzhengVerify.app/shenfenzhengVerify";
			};
			name = Debug;
		};
		36EDC08E1BD5E0590057673B /* Release */ = {
			isa = XCBuildConfiguration;
			buildSettings = {
				BUNDLE_LOADER = "$(TEST_HOST)";
				FRAMEWORK_SEARCH_PATHS = (
					"$(SDKROOT)/Developer/Library/Frameworks",
					"$(inherited)",
				);
				INFOPLIST_FILE = shenfenzhengVerifyTests/Info.plist;
				LD_RUNPATH_SEARCH_PATHS = "$(inherited) @executable_path/Frameworks @loader_path/Frameworks";
				PRODUCT_NAME = "$(TARGET_NAME)";
				TEST_HOST = "$(BUILT_PRODUCTS_DIR)/shenfenzhengVerify.app/shenfenzhengVerify";
			};
			name = Release;
		};
/* End XCBuildConfiguration section */

/* Begin XCConfigurationList section */
		36EDC0611BD5E0590057673B /* Build configuration list for PBXProject "shenfenzhengVerify" */ = {
			isa = XCConfigurationList;
			buildConfigurations = (
				36EDC0871BD5E0590057673B /* Debug */,
				36EDC0881BD5E0590057673B /* Release */,
			);
			defaultConfigurationIsVisible = 0;
			defaultConfigurationName = Release;
		};
		36EDC0891BD5E0590057673B /* Build configuration list for PBXNativeTarget "shenfenzhengVerify" */ = {
			isa = XCConfigurationList;
			buildConfigurations = (
				36EDC08A1BD5E0590057673B /* Debug */,
				36EDC08B1BD5E0590057673B /* Release */,
			);
			defaultConfigurationIsVisible = 0;
			defaultConfigurationName = Release;
		};
		36EDC08C1BD5E0590057673B /* Build configuration list for PBXNativeTarget "shenfenzhengVerifyTests" */ = {
			isa = XCConfigurationList;
			buildConfigurations = (
				36EDC08D1BD5E0590057673B /* Debug */,
				36EDC08E1BD5E0590057673B /* Release */,
			);
			defaultConfigurationIsVisible = 0;
			defaultConfigurationName = Release;
		};
/* End XCConfigurationList section */
	};
	rootObject = 36EDC05E1BD5E0590057673B /* Project object */;
}
